
Microsoft Visual Studio Solution File, Format Version 12.00
# Visual Studio Version 17
VisualStudioVersion = 17.11.35327.3
MinimumVisualStudioVersion = 10.0.40219.1
Project("{FAE04EC0-301F-11D3-BF4B-00C04F79EFBC}") = "sensor_project", "sensor_project\sensor_project.csproj", "{0235E3EC-7E20-47CE-A3ED-C83F1173CC6D}"
EndProject
Global
	GlobalSection(SolutionConfigurationPlatforms) = preSolution
		Debug|Any CPU = Debug|Any CPU
		Release|Any CPU = Release|Any CPU
	EndGlobalSection
	GlobalSection(ProjectConfigurationPlatforms) = postSolution
		{0235E3EC-7E20-47CE-A3ED-C83F1173CC6D}.Debug|Any CPU.ActiveCfg = Debug|Any CPU
		{0235E3EC-7E20-47CE-A3ED-C83F1173CC6D}.Debug|Any CPU.Build.0 = Debug|Any CPU
		{0235E3EC-7E20-47CE-A3ED-C83F1173CC6D}.Release|Any CPU.ActiveCfg = Release|Any CPU
		{0235E3EC-7E20-47CE-A3ED-C83F1173CC6D}.Release|Any CPU.Build.0 = Release|Any CPU
	EndGlobalSection
	GlobalSection(SolutionProperties) = preSolution
		HideSolutionNode = FALSE
	EndGlobalSection
	GlobalSection(ExtensibilityGlobals) = postSolution
		SolutionGuid = {E72E4856-64E3-4675-9B41-8789CCBFA795}
	EndGlobalSection
EndGlobal
